
Microsoft Visual Studio Solution File, Format Version 12.00
# Visual Studio Version 16
VisualStudioVersion = 16.0.34729.46
MinimumVisualStudioVersion = 10.0.40219.1
Project("{FAE04EC0-301F-11D3-BF4B-00C04F79EFBC}") = "WindowsFormsApp1", "WindowsFormsApp1\WindowsFormsApp1.csproj", "{C854FEFD-2D1D-4E62-83C7-BD8B4B0C2E9B}"
EndProject
Global
	GlobalSection(SolutionConfigurationPlatforms) = preSolution
		Debug|Any CPU = Debug|Any CPU
		Release|Any CPU = Release|Any CPU
	EndGlobalSection
	GlobalSection(ProjectConfigurationPlatforms) = postSolution
		{C854FEFD-2D1D-4E62-83C7-BD8B4B0C2E9B}.Debug|Any CPU.ActiveCfg = Debug|Any CPU
		{C854FEFD-2D1D-4E62-83C7-BD8B4B0C2E9B}.Debug|Any CPU.Build.0 = Debug|Any CPU
		{C854FEFD-2D1D-4E62-83C7-BD8B4B0C2E9B}.Release|Any CPU.ActiveCfg = Release|Any CPU
		{C854FEFD-2D1D-4E62-83C7-BD8B4B0C2E9B}.Release|Any CPU.Build.0 = Release|Any CPU
	EndGlobalSection
	GlobalSection(SolutionProperties) = preSolution
		HideSolutionNode = FALSE
	EndGlobalSection
	GlobalSection(ExtensibilityGlobals) = postSolution
		SolutionGuid = {B92CFA1A-A7F6-42C7-9BF7-61A44A1326AA}
	EndGlobalSection
EndGlobal
